
Microsoft Visual Studio Solution File, Format Version 12.00
# Visual Studio 2012
Project("{FAE04EC0-301F-11D3-BF4B-00C04F79EFBC}") = "Omerta", "Omerta\Omerta.csproj", "{251A8BCA-70F4-45A5-BBD2-1FD60F4BE2AB}"
EndProject
Project("{FAE04EC0-301F-11D3-BF4B-00C04F79EFBC}") = "Omerta.Tests", "Omerta.Tests\Omerta.Tests.csproj", "{E07ACFD5-A00D-4089-9596-75247BAFD0FC}"
EndProject
Global
	GlobalSection(SolutionConfigurationPlatforms) = preSolution
		Debug|Any CPU = Debug|Any CPU
		Release|Any CPU = Release|Any CPU
	EndGlobalSection
	GlobalSection(ProjectConfigurationPlatforms) = postSolution
		{251A8BCA-70F4-45A5-BBD2-1FD60F4BE2AB}.Debug|Any CPU.ActiveCfg = Debug|Any CPU
		{251A8BCA-70F4-45A5-BBD2-1FD60F4BE2AB}.Debug|Any CPU.Build.0 = Debug|Any CPU
		{251A8BCA-70F4-45A5-BBD2-1FD60F4BE2AB}.Release|Any CPU.ActiveCfg = Release|Any CPU
		{251A8BCA-70F4-45A5-BBD2-1FD60F4BE2AB}.Release|Any CPU.Build.0 = Release|Any CPU
		{E07ACFD5-A00D-4089-9596-75247BAFD0FC}.Debug|Any CPU.ActiveCfg = Debug|Any CPU
		{E07ACFD5-A00D-4089-9596-75247BAFD0FC}.Debug|Any CPU.Build.0 = Debug|Any CPU
		{E07ACFD5-A00D-4089-9596-75247BAFD0FC}.Release|Any CPU.ActiveCfg = Release|Any CPU
		{E07ACFD5-A00D-4089-9596-75247BAFD0FC}.Release|Any CPU.Build.0 = Release|Any CPU
	EndGlobalSection
	GlobalSection(SolutionProperties) = preSolution
		HideSolutionNode = FALSE
	EndGlobalSection
EndGlobal
